{
  "originHash" : "859ca932d633f97274a6793f57617ffeafd5e00b26be713577d4f710ef20a910",
  "pins" : [
    {
      "identity" : "cursorbounds",
      "kind" : "remoteSourceControl",
      "location" : "https://github.com/Aeastr/CursorBounds",
      "state" : {
        "revision" : "6e94e02c49d19134d9ab09f1d5b22dc9bdb910f0",
        "version" : "1.1.0"
      }
    },
    {
      "identity" : "keyboardshortcuts",
      "kind" : "remoteSourceControl",
      "location" : "https://github.com/sindresorhus/KeyboardShortcuts",
      "state" : {
        "revision" : "045cf174010beb335fa1d2567d18c057b8787165",
        "version" : "2.3.0"
      }
    }
  ],
  "version" : 3
}
